// !$*UTF8*$!
{
	archiveVersion = 1;
	classes = {
	};
	objectVersion = 46;
	objects = {

/* Begin PBXBuildFile section */
		CC4F6D1D1A278253000D294A /* AppDelegate.swift in Sources */ = {isa = PBXBuildFile; fileRef = CC4F6D1C1A278253000D294A /* AppDelegate.swift */; };
		CC4F6D1F1A278253000D294A /* RecordSoundsViewController.swift in Sources */ = {isa = PBXBuildFile; fileRef = CC4F6D1E1A278253000D294A /* RecordSoundsViewController.swift */; };
		CC4F6D221A278253000D294A /* Main.storyboard in Resources */ = {isa = PBXBuildFile; fileRef = CC4F6D201A278253000D294A /* Main.storyboard */; };
		CC4F6D241A278253000D294A /* Images.xcassets in Resources */ = {isa = PBXBuildFile; fileRef = CC4F6D231A278253000D294A /* Images.xcassets */; };
		CC4F6D271A278253000D294A /* LaunchScreen.xib in Resources */ = {isa = PBXBuildFile; fileRef = CC4F6D251A278253000D294A /* LaunchScreen.xib */; };
		CC4F6D331A278253000D294A /* Pitch_PerfectTests.swift in Sources */ = {isa = PBXBuildFile; fileRef = CC4F6D321A278253000D294A /* Pitch_PerfectTests.swift */; };
		CC69143C1A2A65C300E668F1 /* PlaySoundsViewController.swift in Sources */ = {isa = PBXBuildFile; fileRef = CC69143B1A2A65C300E668F1 /* PlaySoundsViewController.swift */; };
		CC6914401A2A7F4500E668F1 /* RecordedAudio.swift in Sources */ = {isa = PBXBuildFile; fileRef = CC69143F1A2A7F4500E668F1 /* RecordedAudio.swift */; };
/* End PBXBuildFile section */

/* Begin PBXContainerItemProxy section */
		CC4F6D2D1A278253000D294A /* PBXContainerItemProxy */ = {
			isa = PBXContainerItemProxy;
			containerPortal = CC4F6D0F1A278253000D294A /* Project object */;
			proxyType = 1;
			remoteGlobalIDString = CC4F6D161A278253000D294A;
			remoteInfo = "Pitch Perfect";
		};
/* End PBXContainerItemProxy section */

/* Begin PBXFileReference section */
		CC4F6D171A278253000D294A /* Pitch Perfect.app */ = {isa = PBXFileReference; explicitFileType = wrapper.application; includeInIndex = 0; path = "Pitch Perfect.app"; sourceTree = BUILT_PRODUCTS_DIR; };
		CC4F6D1B1A278253000D294A /* Info.plist */ = {isa = PBXFileReference; lastKnownFileType = text.plist.xml; path = Info.plist; sourceTree = "<group>"; };
		CC4F6D1C1A278253000D294A /* AppDelegate.swift */ = {isa = PBXFileReference; lastKnownFileType = sourcecode.swift; path = AppDelegate.swift; sourceTree = "<group>"; };
		CC4F6D1E1A278253000D294A /* RecordSoundsViewController.swift */ = {isa = PBXFileReference; lastKnownFileType = sourcecode.swift; path = RecordSoundsViewController.swift; sourceTree = "<group>"; };
		CC4F6D211A278253000D294A /* Base */ = {isa = PBXFileReference; lastKnownFileType = file.storyboard; name = Base; path = Base.lproj/Main.storyboard; sourceTree = "<group>"; };
		CC4F6D231A278253000D294A /* Images.xcassets */ = {isa = PBXFileReference; lastKnownFileType = folder.assetcatalog; path = Images.xcassets; sourceTree = "<group>"; };
		CC4F6D261A278253000D294A /* Base */ = {isa = PBXFileReference; lastKnownFileType = file.xib; name = Base; path = Base.lproj/LaunchScreen.xib; sourceTree = "<group>"; };
		CC4F6D2C1A278253000D294A /* Pitch PerfectTests.xctest */ = {isa = PBXFileReference; explicitFileType = wrapper.cfbundle; includeInIndex = 0; path = "Pitch PerfectTests.xctest"; sourceTree = BUILT_PRODUCTS_DIR; };
		CC4F6D311A278253000D294A /* Info.plist */ = {isa = PBXFileReference; lastKnownFileType = text.plist.xml; path = Info.plist; sourceTree = "<group>"; };
		CC4F6D321A278253000D294A /* Pitch_PerfectTests.swift */ = {isa = PBXFileReference; lastKnownFileType = sourcecode.swift; path = Pitch_PerfectTests.swift; sourceTree = "<group>"; };
		CC69143B1A2A65C300E668F1 /* PlaySoundsViewController.swift */ = {isa = PBXFileReference; fileEncoding = 4; lastKnownFileType = sourcecode.swift; path = PlaySoundsViewController.swift; sourceTree = "<group>"; };
		CC69143F1A2A7F4500E668F1 /* RecordedAudio.swift */ = {isa = PBXFileReference; fileEncoding = 4; lastKnownFileType = sourcecode.swift; path = RecordedAudio.swift; sourceTree = "<group>"; };
/* End PBXFileReference section */

/* Begin PBXFrameworksBuildPhase section */
		CC4F6D141A278253000D294A /* Frameworks */ = {
			isa = PBXFrameworksBuildPhase;
			buildActionMask = 2147483647;
			files = (
			);
			runOnlyForDeploymentPostprocessing = 0;
		};
		CC4F6D291A278253000D294A /* Frameworks */ = {
			isa = PBXFrameworksBuildPhase;
			buildActionMask = 2147483647;
			files = (
			);
			runOnlyForDeploymentPostprocessing = 0;
		};
/* End PBXFrameworksBuildPhase section */

/* Begin PBXGroup section */
		CC4F6D0E1A278253000D294A = {
			isa = PBXGroup;
			children = (
				CC4F6D191A278253000D294A /* Pitch Perfect */,
				CC4F6D2F1A278253000D294A /* Pitch PerfectTests */,
				CC4F6D181A278253000D294A /* Products */,
			);
			sourceTree = "<group>";
		};
		CC4F6D181A278253000D294A /* Products */ = {
			isa = PBXGroup;
			children = (
				CC4F6D171A278253000D294A /* Pitch Perfect.app */,
				CC4F6D2C1A278253000D294A /* Pitch PerfectTests.xctest */,
			);
			name = Products;
			sourceTree = "<group>";
		};
		CC4F6D191A278253000D294A /* Pitch Perfect */ = {
			isa = PBXGroup;
			children = (
				CC4F6D1C1A278253000D294A /* AppDelegate.swift */,
				CC4F6D1E1A278253000D294A /* RecordSoundsViewController.swift */,
				CC69143F1A2A7F4500E668F1 /* RecordedAudio.swift */,
				CC4F6D201A278253000D294A /* Main.storyboard */,
				CC69143B1A2A65C300E668F1 /* PlaySoundsViewController.swift */,
				CC4F6D231A278253000D294A /* Images.xcassets */,
				CC4F6D251A278253000D294A /* LaunchScreen.xib */,
				CC4F6D1A1A278253000D294A /* Supporting Files */,
			);
			path = "Pitch Perfect";
			sourceTree = "<group>";
		};
		CC4F6D1A1A278253000D294A /* Supporting Files */ = {
			isa = PBXGroup;
			children = (
				CC4F6D1B1A278253000D294A /* Info.plist */,
			);
			name = "Supporting Files";
			sourceTree = "<group>";
		};
		CC4F6D2F1A278253000D294A /* Pitch PerfectTests */ = {
			isa = PBXGroup;
			children = (
				CC4F6D321A278253000D294A /* Pitch_PerfectTests.swift */,
				CC4F6D301A278253000D294A /* Supporting Files */,
			);
			path = "Pitch PerfectTests";
			sourceTree = "<group>";
		};
		CC4F6D301A278253000D294A /* Supporting Files */ = {
			isa = PBXGroup;
			children = (
				CC4F6D311A278253000D294A /* Info.plist */,
			);
			name = "Supporting Files";
			sourceTree = "<group>";
		};
/* End PBXGroup section */

/* Begin PBXNativeTarget section */
		CC4F6D161A278253000D294A /* Pitch Perfect */ = {
			isa = PBXNativeTarget;
			buildConfigurationList = CC4F6D361A278253000D294A /* Build configuration list for PBXNativeTarget "Pitch Perfect" */;
			buildPhases = (
				CC4F6D131A278253000D294A /* Sources */,
				CC4F6D141A278253000D294A /* Frameworks */,
				CC4F6D151A278253000D294A /* Resources */,
			);
			buildRules = (
			);
			dependencies = (
			);
			name = "Pitch Perfect";
			productName = "Pitch Perfect";
			productReference = CC4F6D171A278253000D294A /* Pitch Perfect.app */;
			productType = "com.apple.product-type.application";
		};
		CC4F6D2B1A278253000D294A /* Pitch PerfectTests */ = {
			isa = PBXNativeTarget;
			buildConfigurationList = CC4F6D391A278253000D294A /* Build configuration list for PBXNativeTarget "Pitch PerfectTests" */;
			buildPhases = (
				CC4F6D281A278253000D294A /* Sources */,
				CC4F6D291A278253000D294A /* Frameworks */,
				CC4F6D2A1A278253000D294A /* Resources */,
			);
			buildRules = (
			);
			dependencies = (
				CC4F6D2E1A278253000D294A /* PBXTargetDependency */,
			);
			name = "Pitch PerfectTests";
			productName = "Pitch PerfectTests";
			productReference = CC4F6D2C1A278253000D294A /* Pitch PerfectTests.xctest */;
			productType = "com.apple.product-type.bundle.unit-test";
		};
/* End PBXNativeTarget section */

/* Begin PBXProject section */
		CC4F6D0F1A278253000D294A /* Project object */ = {
			isa = PBXProject;
			attributes = {
				LastUpgradeCheck = 0610;
				ORGANIZATIONNAME = "Varun Devgon";
				TargetAttributes = {
					CC4F6D161A278253000D294A = {
						CreatedOnToolsVersion = 6.1;
					};
					CC4F6D2B1A278253000D294A = {
						CreatedOnToolsVersion = 6.1;
						TestTargetID = CC4F6D161A278253000D294A;
					};
				};
			};
			buildConfigurationList = CC4F6D121A278253000D294A /* Build configuration list for PBXProject "Pitch Perfect" */;
			compatibilityVersion = "Xcode 3.2";
			developmentRegion = English;
			hasScannedForEncodings = 0;
			knownRegions = (
				en,
				Base,
			);
			mainGroup = CC4F6D0E1A278253000D294A;
			productRefGroup = CC4F6D181A278253000D294A /* Products */;
			projectDirPath = "";
			projectRoot = "";
			targets = (
				CC4F6D161A278253000D294A /* Pitch Perfect */,
				CC4F6D2B1A278253000D294A /* Pitch PerfectTests */,
			);
		};
/* End PBXProject section */

/* Begin PBXResourcesBuildPhase section */
		CC4F6D151A278253000D294A /* Resources */ = {
			isa = PBXResourcesBuildPhase;
			buildActionMask = 2147483647;
			files = (
				CC4F6D221A278253000D294A /* Main.storyboard in Resources */,
				CC4F6D271A278253000D294A /* LaunchScreen.xib in Resources */,
				CC4F6D241A278253000D294A /* Images.xcassets in Resources */,
			);
			runOnlyForDeploymentPostprocessing = 0;
		};
		CC4F6D2A1A278253000D294A /* Resources */ = {
			isa = PBXResourcesBuildPhase;
			buildActionMask = 2147483647;
			files = (
			);
			runOnlyForDeploymentPostprocessing = 0;
		};
/* End PBXResourcesBuildPhase section */

/* Begin PBXSourcesBuildPhase section */
		CC4F6D131A278253000D294A /* Sources */ = {
			isa = PBXSourcesBuildPhase;
			buildActionMask = 2147483647;
			files = (
				CC6914401A2A7F4500E668F1 /* RecordedAudio.swift in Sources */,
				CC4F6D1F1A278253000D294A /* RecordSoundsViewController.swift in Sources */,
				CC69143C1A2A65C300E668F1 /* PlaySoundsViewController.swift in Sources */,
				CC4F6D1D1A278253000D294A /* AppDelegate.swift in Sources */,
			);
			runOnlyForDeploymentPostprocessing = 0;
		};
		CC4F6D281A278253000D294A /* Sources */ = {
			isa = PBXSourcesBuildPhase;
			buildActionMask = 2147483647;
			files = (
				CC4F6D331A278253000D294A /* Pitch_PerfectTests.swift in Sources */,
			);
			runOnlyForDeploymentPostprocessing = 0;
		};
/* End PBXSourcesBuildPhase section */

/* Begin PBXTargetDependency section */
		CC4F6D2E1A278253000D294A /* PBXTargetDependency */ = {
			isa = PBXTargetDependency;
			target = CC4F6D161A278253000D294A /* Pitch Perfect */;
			targetProxy = CC4F6D2D1A278253000D294A /* PBXContainerItemProxy */;
		};
/* End PBXTargetDependency section */

/* Begin PBXVariantGroup section */
		CC4F6D201A278253000D294A /* Main.storyboard */ = {
			isa = PBXVariantGroup;
			children = (
				CC4F6D211A278253000D294A /* Base */,
			);
			name = Main.storyboard;
			sourceTree = "<group>";
		};
		CC4F6D251A278253000D294A /* LaunchScreen.xib */ = {
			isa = PBXVariantGroup;
			children = (
				CC4F6D261A278253000D294A /* Base */,
			);
			name = LaunchScreen.xib;
			sourceTree = "<group>";
		};
/* End PBXVariantGroup section */

/* Begin XCBuildConfiguration section */
		CC4F6D341A278253000D294A /* Debug */ = {
			isa = XCBuildConfiguration;
			buildSettings = {
				ALWAYS_SEARCH_USER_PATHS = NO;
				CLANG_CXX_LANGUAGE_STANDARD = "gnu++0x";
				CLANG_CXX_LIBRARY = "libc++";
				CLANG_ENABLE_MODULES = YES;
				CLANG_ENABLE_OBJC_ARC = YES;
				CLANG_WARN_BOOL_CONVERSION = YES;
				CLANG_WARN_CONSTANT_CONVERSION = YES;
				CLANG_WARN_DIRECT_OBJC_ISA_USAGE = YES_ERROR;
				CLANG_WARN_EMPTY_BODY = YES;
				CLANG_WARN_ENUM_CONVERSION = YES;
				CLANG_WARN_INT_CONVERSION = YES;
				CLANG_WARN_OBJC_ROOT_CLASS = YES_ERROR;
				CLANG_WARN_UNREACHABLE_CODE = YES;
				CLANG_WARN__DUPLICATE_METHOD_MATCH = YES;
				"CODE_SIGN_IDENTITY[sdk=iphoneos*]" = "iPhone Developer";
				COPY_PHASE_STRIP = NO;
				ENABLE_STRICT_OBJC_MSGSEND = YES;
				GCC_C_LANGUAGE_STANDARD = gnu99;
				GCC_DYNAMIC_NO_PIC = NO;
				GCC_OPTIMIZATION_LEVEL = 0;
				GCC_PREPROCESSOR_DEFINITIONS = (
					"DEBUG=1",
					"$(inherited)",
				);
				GCC_SYMBOLS_PRIVATE_EXTERN = NO;
				GCC_WARN_64_TO_32_BIT_CONVERSION = YES;
				GCC_WARN_ABOUT_RETURN_TYPE = YES_ERROR;
				GCC_WARN_UNDECLARED_SELECTOR = YES;
				GCC_WARN_UNINITIALIZED_AUTOS = YES_AGGRESSIVE;
				GCC_WARN_UNUSED_FUNCTION = YES;
				GCC_WARN_UNUSED_VARIABLE = YES;
				IPHONEOS_DEPLOYMENT_TARGET = 8.1;
				MTL_ENABLE_DEBUG_INFO = YES;
				ONLY_ACTIVE_ARCH = YES;
				SDKROOT = iphoneos;
				SWIFT_OPTIMIZATION_LEVEL = "-Onone";
			};
			name = Debug;
		};
		CC4F6D351A278253000D294A /* Release */ = {
			isa = XCBuildConfiguration;
			buildSettings = {
				ALWAYS_SEARCH_USER_PATHS = NO;
				CLANG_CXX_LANGUAGE_STANDARD = "gnu++0x";
				CLANG_CXX_LIBRARY = "libc++";
				CLANG_ENABLE_MODULES = YES;
				CLANG_ENABLE_OBJC_ARC = YES;
				CLANG_WARN_BOOL_CONVERSION = YES;
				CLANG_WARN_CONSTANT_CONVERSION = YES;
				CLANG_WARN_DIRECT_OBJC_ISA_USAGE = YES_ERROR;
				CLANG_WARN_EMPTY_BODY = YES;
				CLANG_WARN_ENUM_CONVERSION = YES;
				CLANG_WARN_INT_CONVERSION = YES;
				CLANG_WARN_OBJC_ROOT_CLASS = YES_ERROR;
				CLANG_WARN_UNREACHABLE_CODE = YES;
				CLANG_WARN__DUPLICATE_METHOD_MATCH = YES;
				"CODE_SIGN_IDENTITY[sdk=iphoneos*]" = "iPhone Developer";
				COPY_PHASE_STRIP = YES;
				ENABLE_NS_ASSERTIONS = NO;
				ENABLE_STRICT_OBJC_MSGSEND = YES;
				GCC_C_LANGUAGE_STANDARD = gnu99;
				GCC_WARN_64_TO_32_BIT_CONVERSION = YES;
				GCC_WARN_ABOUT_RETURN_TYPE = YES_ERROR;
				GCC_WARN_UNDECLARED_SELECTOR = YES;
				GCC_WARN_UNINITIALIZED_AUTOS = YES_AGGRESSIVE;
				GCC_WARN_UNUSED_FUNCTION = YES;
				GCC_WARN_UNUSED_VARIABLE = YES;
				IPHONEOS_DEPLOYMENT_TARGET = 8.1;
				MTL_ENABLE_DEBUG_INFO = NO;
				SDKROOT = iphoneos;
				VALIDATE_PRODUCT = YES;
			};
			name = Release;
		};
		CC4F6D371A278253000D294A /* Debug */ = {
			isa = XCBuildConfiguration;
			buildSettings = {
				ASSETCATALOG_COMPILER_APPICON_NAME = AppIcon;
				INFOPLIST_FILE = "Pitch Perfect/Info.plist";
				LD_RUNPATH_SEARCH_PATHS = "$(inherited) @executable_path/Frameworks";
				PRODUCT_NAME = "$(TARGET_NAME)";
			};
			name = Debug;
		};
		CC4F6D381A278253000D294A /* Release */ = {
			isa = XCBuildConfiguration;
			buildSettings = {
				ASSETCATALOG_COMPILER_APPICON_NAME = AppIcon;
				INFOPLIST_FILE = "Pitch Perfect/Info.plist";
				LD_RUNPATH_SEARCH_PATHS = "$(inherited) @executable_path/Frameworks";
				PRODUCT_NAME = "$(TARGET_NAME)";
			};
			name = Release;
		};
		CC4F6D3A1A278253000D294A /* Debug */ = {
			isa = XCBuildConfiguration;
			buildSettings = {
				BUNDLE_LOADER = "$(TEST_HOST)";
				FRAMEWORK_SEARCH_PATHS = (
					"$(SDKROOT)/Developer/Library/Frameworks",
					"$(inherited)",
				);
				GCC_PREPROCESSOR_DEFINITIONS = (
					"DEBUG=1",
					"$(inherited)",
				);
				INFOPLIST_FILE = "Pitch PerfectTests/Info.plist";
				LD_RUNPATH_SEARCH_PATHS = "$(inherited) @executable_path/Frameworks @loader_path/Frameworks";
				PRODUCT_NAME = "$(TARGET_NAME)";
				TEST_HOST = "$(BUILT_PRODUCTS_DIR)/Pitch Perfect.app/Pitch Perfect";
			};
			name = Debug;
		};
		CC4F6D3B1A278253000D294A /* Release */ = {
			isa = XCBuildConfiguration;
			buildSettings = {
				BUNDLE_LOADER = "$(TEST_HOST)";
				FRAMEWORK_SEARCH_PATHS = (
					"$(SDKROOT)/Developer/Library/Frameworks",
					"$(inherited)",
				);
				INFOPLIST_FILE = "Pitch PerfectTests/Info.plist";
				LD_RUNPATH_SEARCH_PATHS = "$(inherited) @executable_path/Frameworks @loader_path/Frameworks";
				PRODUCT_NAME = "$(TARGET_NAME)";
				TEST_HOST = "$(BUILT_PRODUCTS_DIR)/Pitch Perfect.app/Pitch Perfect";
			};
			name = Release;
		};
/* End XCBuildConfiguration section */

/* Begin XCConfigurationList section */
		CC4F6D121A278253000D294A /* Build configuration list for PBXProject "Pitch Perfect" */ = {
			isa = XCConfigurationList;
			buildConfigurations = (
				CC4F6D341A278253000D294A /* Debug */,
				CC4F6D351A278253000D294A /* Release */,
			);
			defaultConfigurationIsVisible = 0;
			defaultConfigurationName = Release;
		};
		CC4F6D361A278253000D294A /* Build configuration list for PBXNativeTarget "Pitch Perfect" */ = {
			isa = XCConfigurationList;
			buildConfigurations = (
				CC4F6D371A278253000D294A /* Debug */,
				CC4F6D381A278253000D294A /* Release */,
			);
			defaultConfigurationIsVisible = 0;
			defaultConfigurationName = Release;
		};
		CC4F6D391A278253000D294A /* Build configuration list for PBXNativeTarget "Pitch PerfectTests" */ = {
			isa = XCConfigurationList;
			buildConfigurations = (
				CC4F6D3A1A278253000D294A /* Debug */,
				CC4F6D3B1A278253000D294A /* Release */,
			);
			defaultConfigurationIsVisible = 0;
			defaultConfigurationName = Release;
		};
/* End XCConfigurationList section */
	};
	rootObject = CC4F6D0F1A278253000D294A /* Project object */;
}
